
Microsoft Visual Studio Solution File, Format Version 12.00
# Visual Studio Version 17
VisualStudioVersion = 17.14.36623.8 d17.14
MinimumVisualStudioVersion = 10.0.40219.1
Project("{FAE04EC0-301F-11D3-BF4B-00C04F79EFBC}") = "WpfHelloNav", "WpfHelloNav\WpfHelloNav.csproj", "{FA43D2B8-425F-4C64-BFF1-0EFAF6E754E8}"
EndProject
Global
	GlobalSection(SolutionConfigurationPlatforms) = preSolution
		Debug|Any CPU = Debug|Any CPU
		Release|Any CPU = Release|Any CPU
	EndGlobalSection
	GlobalSection(ProjectConfigurationPlatforms) = postSolution
		{FA43D2B8-425F-4C64-BFF1-0EFAF6E754E8}.Debug|Any CPU.ActiveCfg = Debug|Any CPU
		{FA43D2B8-425F-4C64-BFF1-0EFAF6E754E8}.Debug|Any CPU.Build.0 = Debug|Any CPU
		{FA43D2B8-425F-4C64-BFF1-0EFAF6E754E8}.Release|Any CPU.ActiveCfg = Release|Any CPU
		{FA43D2B8-425F-4C64-BFF1-0EFAF6E754E8}.Release|Any CPU.Build.0 = Release|Any CPU
	EndGlobalSection
	GlobalSection(SolutionProperties) = preSolution
		HideSolutionNode = FALSE
	EndGlobalSection
	GlobalSection(ExtensibilityGlobals) = postSolution
		SolutionGuid = {F38CDBC4-0E8D-4F21-B38E-F6A777DA78C2}
	EndGlobalSection
EndGlobal
