
Microsoft Visual Studio Solution File, Format Version 12.00
# Visual Studio Version 17
VisualStudioVersion = 17.14.36623.8 d17.14
MinimumVisualStudioVersion = 10.0.40219.1
Project("{FAE04EC0-301F-11D3-BF4B-00C04F79EFBC}") = "WpfRoutedEvent_2", "WpfRoutedEvent_2\WpfRoutedEvent_2.csproj", "{8A760560-F499-4046-9D90-F7AAE70289CA}"
EndProject
Global
	GlobalSection(SolutionConfigurationPlatforms) = preSolution
		Debug|Any CPU = Debug|Any CPU
		Release|Any CPU = Release|Any CPU
	EndGlobalSection
	GlobalSection(ProjectConfigurationPlatforms) = postSolution
		{8A760560-F499-4046-9D90-F7AAE70289CA}.Debug|Any CPU.ActiveCfg = Debug|Any CPU
		{8A760560-F499-4046-9D90-F7AAE70289CA}.Debug|Any CPU.Build.0 = Debug|Any CPU
		{8A760560-F499-4046-9D90-F7AAE70289CA}.Release|Any CPU.ActiveCfg = Release|Any CPU
		{8A760560-F499-4046-9D90-F7AAE70289CA}.Release|Any CPU.Build.0 = Release|Any CPU
	EndGlobalSection
	GlobalSection(SolutionProperties) = preSolution
		HideSolutionNode = FALSE
	EndGlobalSection
	GlobalSection(ExtensibilityGlobals) = postSolution
		SolutionGuid = {C58DDC1A-C890-445E-8D05-A6E4918C0379}
	EndGlobalSection
EndGlobal
